// !$*UTF8*$!
{
	archiveVersion = 1;
	classes = {
	};
	objectVersion = 50;
	objects = {

/* Begin PBXBuildFile section */
		20FDF89D23E3DAB80056F6C5 /* AppDelegate.swift in Sources */ = {isa = PBXBuildFile; fileRef = 20FDF89C23E3DAB80056F6C5 /* AppDelegate.swift */; };
		20FDF89F23E3DAB80056F6C5 /* SceneDelegate.swift in Sources */ = {isa = PBXBuildFile; fileRef = 20FDF89E23E3DAB80056F6C5 /* SceneDelegate.swift */; };
		20FDF8A223E3DAB80056F6C5 /* Burro.xcdatamodeld in Sources */ = {isa = PBXBuildFile; fileRef = 20FDF8A023E3DAB80056F6C5 /* Burro.xcdatamodeld */; };
		20FDF8A423E3DAB80056F6C5 /* ContentView.swift in Sources */ = {isa = PBXBuildFile; fileRef = 20FDF8A323E3DAB80056F6C5 /* ContentView.swift */; };
		20FDF8A623E3DABC0056F6C5 /* Assets.xcassets in Resources */ = {isa = PBXBuildFile; fileRef = 20FDF8A523E3DABC0056F6C5 /* Assets.xcassets */; };
		20FDF8A923E3DABC0056F6C5 /* Preview Assets.xcassets in Resources */ = {isa = PBXBuildFile; fileRef = 20FDF8A823E3DABC0056F6C5 /* Preview Assets.xcassets */; };
		20FDF8AC23E3DABC0056F6C5 /* LaunchScreen.storyboard in Resources */ = {isa = PBXBuildFile; fileRef = 20FDF8AA23E3DABC0056F6C5 /* LaunchScreen.storyboard */; };
		20FDF8B723E3DABC0056F6C5 /* BurroTests.swift in Sources */ = {isa = PBXBuildFile; fileRef = 20FDF8B623E3DABC0056F6C5 /* BurroTests.swift */; };
		20FDF8C223E3DABC0056F6C5 /* BurroUITests.swift in Sources */ = {isa = PBXBuildFile; fileRef = 20FDF8C123E3DABC0056F6C5 /* BurroUITests.swift */; };
/* End PBXBuildFile section */

/* Begin PBXContainerItemProxy section */
		20FDF8B323E3DABC0056F6C5 /* PBXContainerItemProxy */ = {
			isa = PBXContainerItemProxy;
			containerPortal = 20FDF89123E3DAB70056F6C5 /* Project object */;
			proxyType = 1;
			remoteGlobalIDString = 20FDF89823E3DAB70056F6C5;
			remoteInfo = Burro;
		};
		20FDF8BE23E3DABC0056F6C5 /* PBXContainerItemProxy */ = {
			isa = PBXContainerItemProxy;
			containerPortal = 20FDF89123E3DAB70056F6C5 /* Project object */;
			proxyType = 1;
			remoteGlobalIDString = 20FDF89823E3DAB70056F6C5;
			remoteInfo = Burro;
		};
/* End PBXContainerItemProxy section */

/* Begin PBXFileReference section */
		20FDF89923E3DAB70056F6C5 /* Burro.app */ = {isa = PBXFileReference; explicitFileType = wrapper.application; includeInIndex = 0; path = Burro.app; sourceTree = BUILT_PRODUCTS_DIR; };
		20FDF89C23E3DAB80056F6C5 /* AppDelegate.swift */ = {isa = PBXFileReference; lastKnownFileType = sourcecode.swift; path = AppDelegate.swift; sourceTree = "<group>"; };
		20FDF89E23E3DAB80056F6C5 /* SceneDelegate.swift */ = {isa = PBXFileReference; lastKnownFileType = sourcecode.swift; path = SceneDelegate.swift; sourceTree = "<group>"; };
		20FDF8A123E3DAB80056F6C5 /* Burro.xcdatamodel */ = {isa = PBXFileReference; lastKnownFileType = wrapper.xcdatamodel; path = Burro.xcdatamodel; sourceTree = "<group>"; };
		20FDF8A323E3DAB80056F6C5 /* ContentView.swift */ = {isa = PBXFileReference; lastKnownFileType = sourcecode.swift; path = ContentView.swift; sourceTree = "<group>"; };
		20FDF8A523E3DABC0056F6C5 /* Assets.xcassets */ = {isa = PBXFileReference; lastKnownFileType = folder.assetcatalog; path = Assets.xcassets; sourceTree = "<group>"; };
		20FDF8A823E3DABC0056F6C5 /* Preview Assets.xcassets */ = {isa = PBXFileReference; lastKnownFileType = folder.assetcatalog; path = "Preview Assets.xcassets"; sourceTree = "<group>"; };
		20FDF8AB23E3DABC0056F6C5 /* Base */ = {isa = PBXFileReference; lastKnownFileType = file.storyboard; name = Base; path = Base.lproj/LaunchScreen.storyboard; sourceTree = "<group>"; };
		20FDF8AD23E3DABC0056F6C5 /* Info.plist */ = {isa = PBXFileReference; lastKnownFileType = text.plist.xml; path = Info.plist; sourceTree = "<group>"; };
		20FDF8B223E3DABC0056F6C5 /* BurroTests.xctest */ = {isa = PBXFileReference; explicitFileType = wrapper.cfbundle; includeInIndex = 0; path = BurroTests.xctest; sourceTree = BUILT_PRODUCTS_DIR; };
		20FDF8B623E3DABC0056F6C5 /* BurroTests.swift */ = {isa = PBXFileReference; lastKnownFileType = sourcecode.swift; path = BurroTests.swift; sourceTree = "<group>"; };
		20FDF8B823E3DABC0056F6C5 /* Info.plist */ = {isa = PBXFileReference; lastKnownFileType = text.plist.xml; path = Info.plist; sourceTree = "<group>"; };
		20FDF8BD23E3DABC0056F6C5 /* BurroUITests.xctest */ = {isa = PBXFileReference; explicitFileType = wrapper.cfbundle; includeInIndex = 0; path = BurroUITests.xctest; sourceTree = BUILT_PRODUCTS_DIR; };
		20FDF8C123E3DABC0056F6C5 /* BurroUITests.swift */ = {isa = PBXFileReference; lastKnownFileType = sourcecode.swift; path = BurroUITests.swift; sourceTree = "<group>"; };
		20FDF8C323E3DABC0056F6C5 /* Info.plist */ = {isa = PBXFileReference; lastKnownFileType = text.plist.xml; path = Info.plist; sourceTree = "<group>"; };
/* End PBXFileReference section */

/* Begin PBXFrameworksBuildPhase section */
		20FDF89623E3DAB70056F6C5 /* Frameworks */ = {
			isa = PBXFrameworksBuildPhase;
			buildActionMask = 2147483647;
			files = (
			);
			runOnlyForDeploymentPostprocessing = 0;
		};
		20FDF8AF23E3DABC0056F6C5 /* Frameworks */ = {
			isa = PBXFrameworksBuildPhase;
			buildActionMask = 2147483647;
			files = (
			);
			runOnlyForDeploymentPostprocessing = 0;
		};
		20FDF8BA23E3DABC0056F6C5 /* Frameworks */ = {
			isa = PBXFrameworksBuildPhase;
			buildActionMask = 2147483647;
			files = (
			);
			runOnlyForDeploymentPostprocessing = 0;
		};
/* End PBXFrameworksBuildPhase section */

/* Begin PBXGroup section */
		20FDF89023E3DAB70056F6C5 = {
			isa = PBXGroup;
			children = (
				20FDF89B23E3DAB70056F6C5 /* Burro */,
				20FDF8B523E3DABC0056F6C5 /* BurroTests */,
				20FDF8C023E3DABC0056F6C5 /* BurroUITests */,
				20FDF89A23E3DAB70056F6C5 /* Products */,
			);
			sourceTree = "<group>";
		};
		20FDF89A23E3DAB70056F6C5 /* Products */ = {
			isa = PBXGroup;
			children = (
				20FDF89923E3DAB70056F6C5 /* Burro.app */,
				20FDF8B223E3DABC0056F6C5 /* BurroTests.xctest */,
				20FDF8BD23E3DABC0056F6C5 /* BurroUITests.xctest */,
			);
			name = Products;
			sourceTree = "<group>";
		};
		20FDF89B23E3DAB70056F6C5 /* Burro */ = {
			isa = PBXGroup;
			children = (
				20FDF89C23E3DAB80056F6C5 /* AppDelegate.swift */,
				20FDF89E23E3DAB80056F6C5 /* SceneDelegate.swift */,
				20FDF8A323E3DAB80056F6C5 /* ContentView.swift */,
				20FDF8A523E3DABC0056F6C5 /* Assets.xcassets */,
				20FDF8AA23E3DABC0056F6C5 /* LaunchScreen.storyboard */,
				20FDF8AD23E3DABC0056F6C5 /* Info.plist */,
				20FDF8A023E3DAB80056F6C5 /* Burro.xcdatamodeld */,
				20FDF8A723E3DABC0056F6C5 /* Preview Content */,
			);
			path = Burro;
			sourceTree = "<group>";
		};
		20FDF8A723E3DABC0056F6C5 /* Preview Content */ = {
			isa = PBXGroup;
			children = (
				20FDF8A823E3DABC0056F6C5 /* Preview Assets.xcassets */,
			);
			path = "Preview Content";
			sourceTree = "<group>";
		};
		20FDF8B523E3DABC0056F6C5 /* BurroTests */ = {
			isa = PBXGroup;
			children = (
				20FDF8B623E3DABC0056F6C5 /* BurroTests.swift */,
				20FDF8B823E3DABC0056F6C5 /* Info.plist */,
			);
			path = BurroTests;
			sourceTree = "<group>";
		};
		20FDF8C023E3DABC0056F6C5 /* BurroUITests */ = {
			isa = PBXGroup;
			children = (
				20FDF8C123E3DABC0056F6C5 /* BurroUITests.swift */,
				20FDF8C323E3DABC0056F6C5 /* Info.plist */,
			);
			path = BurroUITests;
			sourceTree = "<group>";
		};
/* End PBXGroup section */

/* Begin PBXNativeTarget section */
		20FDF89823E3DAB70056F6C5 /* Burro */ = {
			isa = PBXNativeTarget;
			buildConfigurationList = 20FDF8C623E3DABD0056F6C5 /* Build configuration list for PBXNativeTarget "Burro" */;
			buildPhases = (
				20FDF89523E3DAB70056F6C5 /* Sources */,
				20FDF89623E3DAB70056F6C5 /* Frameworks */,
				20FDF89723E3DAB70056F6C5 /* Resources */,
			);
			buildRules = (
			);
			dependencies = (
			);
			name = Burro;
			productName = Burro;
			productReference = 20FDF89923E3DAB70056F6C5 /* Burro.app */;
			productType = "com.apple.product-type.application";
		};
		20FDF8B123E3DABC0056F6C5 /* BurroTests */ = {
			isa = PBXNativeTarget;
			buildConfigurationList = 20FDF8C923E3DABD0056F6C5 /* Build configuration list for PBXNativeTarget "BurroTests" */;
			buildPhases = (
				20FDF8AE23E3DABC0056F6C5 /* Sources */,
				20FDF8AF23E3DABC0056F6C5 /* Frameworks */,
				20FDF8B023E3DABC0056F6C5 /* Resources */,
			);
			buildRules = (
			);
			dependencies = (
				20FDF8B423E3DABC0056F6C5 /* PBXTargetDependency */,
			);
			name = BurroTests;
			productName = BurroTests;
			productReference = 20FDF8B223E3DABC0056F6C5 /* BurroTests.xctest */;
			productType = "com.apple.product-type.bundle.unit-test";
		};
		20FDF8BC23E3DABC0056F6C5 /* BurroUITests */ = {
			isa = PBXNativeTarget;
			buildConfigurationList = 20FDF8CC23E3DABD0056F6C5 /* Build configuration list for PBXNativeTarget "BurroUITests" */;
			buildPhases = (
				20FDF8B923E3DABC0056F6C5 /* Sources */,
				20FDF8BA23E3DABC0056F6C5 /* Frameworks */,
				20FDF8BB23E3DABC0056F6C5 /* Resources */,
			);
			buildRules = (
			);
			dependencies = (
				20FDF8BF23E3DABC0056F6C5 /* PBXTargetDependency */,
			);
			name = BurroUITests;
			productName = BurroUITests;
			productReference = 20FDF8BD23E3DABC0056F6C5 /* BurroUITests.xctest */;
			productType = "com.apple.product-type.bundle.ui-testing";
		};
/* End PBXNativeTarget section */

/* Begin PBXProject section */
		20FDF89123E3DAB70056F6C5 /* Project object */ = {
			isa = PBXProject;
			attributes = {
				LastSwiftUpdateCheck = 1130;
				LastUpgradeCheck = 1130;
				ORGANIZATIONNAME = "Evan Heidtmann";
				TargetAttributes = {
					20FDF89823E3DAB70056F6C5 = {
						CreatedOnToolsVersion = 11.3.1;
					};
					20FDF8B123E3DABC0056F6C5 = {
						CreatedOnToolsVersion = 11.3.1;
						TestTargetID = 20FDF89823E3DAB70056F6C5;
					};
					20FDF8BC23E3DABC0056F6C5 = {
						CreatedOnToolsVersion = 11.3.1;
						TestTargetID = 20FDF89823E3DAB70056F6C5;
					};
				};
			};
			buildConfigurationList = 20FDF89423E3DAB70056F6C5 /* Build configuration list for PBXProject "Burro" */;
			compatibilityVersion = "Xcode 9.3";
			developmentRegion = en;
			hasScannedForEncodings = 0;
			knownRegions = (
				en,
				Base,
			);
			mainGroup = 20FDF89023E3DAB70056F6C5;
			productRefGroup = 20FDF89A23E3DAB70056F6C5 /* Products */;
			projectDirPath = "";
			projectRoot = "";
			targets = (
				20FDF89823E3DAB70056F6C5 /* Burro */,
				20FDF8B123E3DABC0056F6C5 /* BurroTests */,
				20FDF8BC23E3DABC0056F6C5 /* BurroUITests */,
			);
		};
/* End PBXProject section */

/* Begin PBXResourcesBuildPhase section */
		20FDF89723E3DAB70056F6C5 /* Resources */ = {
			isa = PBXResourcesBuildPhase;
			buildActionMask = 2147483647;
			files = (
				20FDF8AC23E3DABC0056F6C5 /* LaunchScreen.storyboard in Resources */,
				20FDF8A923E3DABC0056F6C5 /* Preview Assets.xcassets in Resources */,
				20FDF8A623E3DABC0056F6C5 /* Assets.xcassets in Resources */,
			);
			runOnlyForDeploymentPostprocessing = 0;
		};
		20FDF8B023E3DABC0056F6C5 /* Resources */ = {
			isa = PBXResourcesBuildPhase;
			buildActionMask = 2147483647;
			files = (
			);
			runOnlyForDeploymentPostprocessing = 0;
		};
		20FDF8BB23E3DABC0056F6C5 /* Resources */ = {
			isa = PBXResourcesBuildPhase;
			buildActionMask = 2147483647;
			files = (
			);
			runOnlyForDeploymentPostprocessing = 0;
		};
/* End PBXResourcesBuildPhase section */

/* Begin PBXSourcesBuildPhase section */
		20FDF89523E3DAB70056F6C5 /* Sources */ = {
			isa = PBXSourcesBuildPhase;
			buildActionMask = 2147483647;
			files = (
				20FDF8A223E3DAB80056F6C5 /* Burro.xcdatamodeld in Sources */,
				20FDF89D23E3DAB80056F6C5 /* AppDelegate.swift in Sources */,
				20FDF8A423E3DAB80056F6C5 /* ContentView.swift in Sources */,
				20FDF89F23E3DAB80056F6C5 /* SceneDelegate.swift in Sources */,
			);
			runOnlyForDeploymentPostprocessing = 0;
		};
		20FDF8AE23E3DABC0056F6C5 /* Sources */ = {
			isa = PBXSourcesBuildPhase;
			buildActionMask = 2147483647;
			files = (
				20FDF8B723E3DABC0056F6C5 /* BurroTests.swift in Sources */,
			);
			runOnlyForDeploymentPostprocessing = 0;
		};
		20FDF8B923E3DABC0056F6C5 /* Sources */ = {
			isa = PBXSourcesBuildPhase;
			buildActionMask = 2147483647;
			files = (
				20FDF8C223E3DABC0056F6C5 /* BurroUITests.swift in Sources */,
			);
			runOnlyForDeploymentPostprocessing = 0;
		};
/* End PBXSourcesBuildPhase section */

/* Begin PBXTargetDependency section */
		20FDF8B423E3DABC0056F6C5 /* PBXTargetDependency */ = {
			isa = PBXTargetDependency;
			target = 20FDF89823E3DAB70056F6C5 /* Burro */;
			targetProxy = 20FDF8B323E3DABC0056F6C5 /* PBXContainerItemProxy */;
		};
		20FDF8BF23E3DABC0056F6C5 /* PBXTargetDependency */ = {
			isa = PBXTargetDependency;
			target = 20FDF89823E3DAB70056F6C5 /* Burro */;
			targetProxy = 20FDF8BE23E3DABC0056F6C5 /* PBXContainerItemProxy */;
		};
/* End PBXTargetDependency section */

/* Begin PBXVariantGroup section */
		20FDF8AA23E3DABC0056F6C5 /* LaunchScreen.storyboard */ = {
			isa = PBXVariantGroup;
			children = (
				20FDF8AB23E3DABC0056F6C5 /* Base */,
			);
			name = LaunchScreen.storyboard;
			sourceTree = "<group>";
		};
/* End PBXVariantGroup section */

/* Begin XCBuildConfiguration section */
		20FDF8C423E3DABC0056F6C5 /* Debug */ = {
			isa = XCBuildConfiguration;
			buildSettings = {
				ALWAYS_SEARCH_USER_PATHS = NO;
				CLANG_ANALYZER_NONNULL = YES;
				CLANG_ANALYZER_NUMBER_OBJECT_CONVERSION = YES_AGGRESSIVE;
				CLANG_CXX_LANGUAGE_STANDARD = "gnu++14";
				CLANG_CXX_LIBRARY = "libc++";
				CLANG_ENABLE_MODULES = YES;
				CLANG_ENABLE_OBJC_ARC = YES;
				CLANG_ENABLE_OBJC_WEAK = YES;
				CLANG_WARN_BLOCK_CAPTURE_AUTORELEASING = YES;
				CLANG_WARN_BOOL_CONVERSION = YES;
				CLANG_WARN_COMMA = YES;
				CLANG_WARN_CONSTANT_CONVERSION = YES;
				CLANG_WARN_DEPRECATED_OBJC_IMPLEMENTATIONS = YES;
				CLANG_WARN_DIRECT_OBJC_ISA_USAGE = YES_ERROR;
				CLANG_WARN_DOCUMENTATION_COMMENTS = YES;
				CLANG_WARN_EMPTY_BODY = YES;
				CLANG_WARN_ENUM_CONVERSION = YES;
				CLANG_WARN_INFINITE_RECURSION = YES;
				CLANG_WARN_INT_CONVERSION = YES;
				CLANG_WARN_NON_LITERAL_NULL_CONVERSION = YES;
				CLANG_WARN_OBJC_IMPLICIT_RETAIN_SELF = YES;
				CLANG_WARN_OBJC_LITERAL_CONVERSION = YES;
				CLANG_WARN_OBJC_ROOT_CLASS = YES_ERROR;
				CLANG_WARN_RANGE_LOOP_ANALYSIS = YES;
				CLANG_WARN_STRICT_PROTOTYPES = YES;
				CLANG_WARN_SUSPICIOUS_MOVE = YES;
				CLANG_WARN_UNGUARDED_AVAILABILITY = YES_AGGRESSIVE;
				CLANG_WARN_UNREACHABLE_CODE = YES;
				CLANG_WARN__DUPLICATE_METHOD_MATCH = YES;
				COPY_PHASE_STRIP = NO;
				DEBUG_INFORMATION_FORMAT = dwarf;
				ENABLE_STRICT_OBJC_MSGSEND = YES;
				ENABLE_TESTABILITY = YES;
				GCC_C_LANGUAGE_STANDARD = gnu11;
				GCC_DYNAMIC_NO_PIC = NO;
				GCC_NO_COMMON_BLOCKS = YES;
				GCC_OPTIMIZATION_LEVEL = 0;
				GCC_PREPROCESSOR_DEFINITIONS = (
					"DEBUG=1",
					"$(inherited)",
				);
				GCC_WARN_64_TO_32_BIT_CONVERSION = YES;
				GCC_WARN_ABOUT_RETURN_TYPE = YES_ERROR;
				GCC_WARN_UNDECLARED_SELECTOR = YES;
				GCC_WARN_UNINITIALIZED_AUTOS = YES_AGGRESSIVE;
				GCC_WARN_UNUSED_FUNCTION = YES;
				GCC_WARN_UNUSED_VARIABLE = YES;
				IPHONEOS_DEPLOYMENT_TARGET = 13.2;
				MTL_ENABLE_DEBUG_INFO = INCLUDE_SOURCE;
				MTL_FAST_MATH = YES;
				ONLY_ACTIVE_ARCH = YES;
				SDKROOT = iphoneos;
				SWIFT_ACTIVE_COMPILATION_CONDITIONS = DEBUG;
				SWIFT_OPTIMIZATION_LEVEL = "-Onone";
			};
			name = Debug;
		};
		20FDF8C523E3DABC0056F6C5 /* Release */ = {
			isa = XCBuildConfiguration;
			buildSettings = {
				ALWAYS_SEARCH_USER_PATHS = NO;
				CLANG_ANALYZER_NONNULL = YES;
				CLANG_ANALYZER_NUMBER_OBJECT_CONVERSION = YES_AGGRESSIVE;
				CLANG_CXX_LANGUAGE_STANDARD = "gnu++14";
				CLANG_CXX_LIBRARY = "libc++";
				CLANG_ENABLE_MODULES = YES;
				CLANG_ENABLE_OBJC_ARC = YES;
				CLANG_ENABLE_OBJC_WEAK = YES;
				CLANG_WARN_BLOCK_CAPTURE_AUTORELEASING = YES;
				CLANG_WARN_BOOL_CONVERSION = YES;
				CLANG_WARN_COMMA = YES;
				CLANG_WARN_CONSTANT_CONVERSION = YES;
				CLANG_WARN_DEPRECATED_OBJC_IMPLEMENTATIONS = YES;
				CLANG_WARN_DIRECT_OBJC_ISA_USAGE = YES_ERROR;
				CLANG_WARN_DOCUMENTATION_COMMENTS = YES;
				CLANG_WARN_EMPTY_BODY = YES;
				CLANG_WARN_ENUM_CONVERSION = YES;
				CLANG_WARN_INFINITE_RECURSION = YES;
				CLANG_WARN_INT_CONVERSION = YES;
				CLANG_WARN_NON_LITERAL_NULL_CONVERSION = YES;
				CLANG_WARN_OBJC_IMPLICIT_RETAIN_SELF = YES;
				CLANG_WARN_OBJC_LITERAL_CONVERSION = YES;
				CLANG_WARN_OBJC_ROOT_CLASS = YES_ERROR;
				CLANG_WARN_RANGE_LOOP_ANALYSIS = YES;
				CLANG_WARN_STRICT_PROTOTYPES = YES;
				CLANG_WARN_SUSPICIOUS_MOVE = YES;
				CLANG_WARN_UNGUARDED_AVAILABILITY = YES_AGGRESSIVE;
				CLANG_WARN_UNREACHABLE_CODE = YES;
				CLANG_WARN__DUPLICATE_METHOD_MATCH = YES;
				COPY_PHASE_STRIP = NO;
				DEBUG_INFORMATION_FORMAT = "dwarf-with-dsym";
				ENABLE_NS_ASSERTIONS = NO;
				ENABLE_STRICT_OBJC_MSGSEND = YES;
				GCC_C_LANGUAGE_STANDARD = gnu11;
				GCC_NO_COMMON_BLOCKS = YES;
				GCC_WARN_64_TO_32_BIT_CONVERSION = YES;
				GCC_WARN_ABOUT_RETURN_TYPE = YES_ERROR;
				GCC_WARN_UNDECLARED_SELECTOR = YES;
				GCC_WARN_UNINITIALIZED_AUTOS = YES_AGGRESSIVE;
				GCC_WARN_UNUSED_FUNCTION = YES;
				GCC_WARN_UNUSED_VARIABLE = YES;
				IPHONEOS_DEPLOYMENT_TARGET = 13.2;
				MTL_ENABLE_DEBUG_INFO = NO;
				MTL_FAST_MATH = YES;
				SDKROOT = iphoneos;
				SWIFT_COMPILATION_MODE = wholemodule;
				SWIFT_OPTIMIZATION_LEVEL = "-O";
				VALIDATE_PRODUCT = YES;
			};
			name = Release;
		};
		20FDF8C723E3DABD0056F6C5 /* Debug */ = {
			isa = XCBuildConfiguration;
			buildSettings = {
				ASSETCATALOG_COMPILER_APPICON_NAME = AppIcon;
				CODE_SIGN_STYLE = Automatic;
				DEVELOPMENT_ASSET_PATHS = "\"Burro/Preview Content\"";
				ENABLE_PREVIEWS = YES;
				INFOPLIST_FILE = Burro/Info.plist;
				LD_RUNPATH_SEARCH_PATHS = (
					"$(inherited)",
					"@executable_path/Frameworks",
				);
				PRODUCT_BUNDLE_IDENTIFIER = com.heidtco.Burro;
				PRODUCT_NAME = "$(TARGET_NAME)";
				SWIFT_VERSION = 5.0;
				TARGETED_DEVICE_FAMILY = "1,2";
			};
			name = Debug;
		};
		20FDF8C823E3DABD0056F6C5 /* Release */ = {
			isa = XCBuildConfiguration;
			buildSettings = {
				ASSETCATALOG_COMPILER_APPICON_NAME = AppIcon;
				CODE_SIGN_STYLE = Automatic;
				DEVELOPMENT_ASSET_PATHS = "\"Burro/Preview Content\"";
				ENABLE_PREVIEWS = YES;
				INFOPLIST_FILE = Burro/Info.plist;
				LD_RUNPATH_SEARCH_PATHS = (
					"$(inherited)",
					"@executable_path/Frameworks",
				);
				PRODUCT_BUNDLE_IDENTIFIER = com.heidtco.Burro;
				PRODUCT_NAME = "$(TARGET_NAME)";
				SWIFT_VERSION = 5.0;
				TARGETED_DEVICE_FAMILY = "1,2";
			};
			name = Release;
		};
		20FDF8CA23E3DABD0056F6C5 /* Debug */ = {
			isa = XCBuildConfiguration;
			buildSettings = {
				ALWAYS_EMBED_SWIFT_STANDARD_LIBRARIES = YES;
				BUNDLE_LOADER = "$(TEST_HOST)";
				CODE_SIGN_STYLE = Automatic;
				INFOPLIST_FILE = BurroTests/Info.plist;
				IPHONEOS_DEPLOYMENT_TARGET = 13.2;
				LD_RUNPATH_SEARCH_PATHS = (
					"$(inherited)",
					"@executable_path/Frameworks",
					"@loader_path/Frameworks",
				);
				PRODUCT_BUNDLE_IDENTIFIER = com.heidtco.BurroTests;
				PRODUCT_NAME = "$(TARGET_NAME)";
				SWIFT_VERSION = 5.0;
				TARGETED_DEVICE_FAMILY = "1,2";
				TEST_HOST = "$(BUILT_PRODUCTS_DIR)/Burro.app/Burro";
			};
			name = Debug;
		};
		20FDF8CB23E3DABD0056F6C5 /* Release */ = {
			isa = XCBuildConfiguration;
			buildSettings = {
				ALWAYS_EMBED_SWIFT_STANDARD_LIBRARIES = YES;
				BUNDLE_LOADER = "$(TEST_HOST)";
				CODE_SIGN_STYLE = Automatic;
				INFOPLIST_FILE = BurroTests/Info.plist;
				IPHONEOS_DEPLOYMENT_TARGET = 13.2;
				LD_RUNPATH_SEARCH_PATHS = (
					"$(inherited)",
					"@executable_path/Frameworks",
					"@loader_path/Frameworks",
				);
				PRODUCT_BUNDLE_IDENTIFIER = com.heidtco.BurroTests;
				PRODUCT_NAME = "$(TARGET_NAME)";
				SWIFT_VERSION = 5.0;
				TARGETED_DEVICE_FAMILY = "1,2";
				TEST_HOST = "$(BUILT_PRODUCTS_DIR)/Burro.app/Burro";
			};
			name = Release;
		};
		20FDF8CD23E3DABD0056F6C5 /* Debug */ = {
			isa = XCBuildConfiguration;
			buildSettings = {
				ALWAYS_EMBED_SWIFT_STANDARD_LIBRARIES = YES;
				CODE_SIGN_STYLE = Automatic;
				INFOPLIST_FILE = BurroUITests/Info.plist;
				LD_RUNPATH_SEARCH_PATHS = (
					"$(inherited)",
					"@executable_path/Frameworks",
					"@loader_path/Frameworks",
				);
				PRODUCT_BUNDLE_IDENTIFIER = com.heidtco.BurroUITests;
				PRODUCT_NAME = "$(TARGET_NAME)";
				SWIFT_VERSION = 5.0;
				TARGETED_DEVICE_FAMILY = "1,2";
				TEST_TARGET_NAME = Burro;
			};
			name = Debug;
		};
		20FDF8CE23E3DABD0056F6C5 /* Release */ = {
			isa = XCBuildConfiguration;
			buildSettings = {
				ALWAYS_EMBED_SWIFT_STANDARD_LIBRARIES = YES;
				CODE_SIGN_STYLE = Automatic;
				INFOPLIST_FILE = BurroUITests/Info.plist;
				LD_RUNPATH_SEARCH_PATHS = (
					"$(inherited)",
					"@executable_path/Frameworks",
					"@loader_path/Frameworks",
				);
				PRODUCT_BUNDLE_IDENTIFIER = com.heidtco.BurroUITests;
				PRODUCT_NAME = "$(TARGET_NAME)";
				SWIFT_VERSION = 5.0;
				TARGETED_DEVICE_FAMILY = "1,2";
				TEST_TARGET_NAME = Burro;
			};
			name = Release;
		};
/* End XCBuildConfiguration section */

/* Begin XCConfigurationList section */
		20FDF89423E3DAB70056F6C5 /* Build configuration list for PBXProject "Burro" */ = {
			isa = XCConfigurationList;
			buildConfigurations = (
				20FDF8C423E3DABC0056F6C5 /* Debug */,
				20FDF8C523E3DABC0056F6C5 /* Release */,
			);
			defaultConfigurationIsVisible = 0;
			defaultConfigurationName = Release;
		};
		20FDF8C623E3DABD0056F6C5 /* Build configuration list for PBXNativeTarget "Burro" */ = {
			isa = XCConfigurationList;
			buildConfigurations = (
				20FDF8C723E3DABD0056F6C5 /* Debug */,
				20FDF8C823E3DABD0056F6C5 /* Release */,
			);
			defaultConfigurationIsVisible = 0;
			defaultConfigurationName = Release;
		};
		20FDF8C923E3DABD0056F6C5 /* Build configuration list for PBXNativeTarget "BurroTests" */ = {
			isa = XCConfigurationList;
			buildConfigurations = (
				20FDF8CA23E3DABD0056F6C5 /* Debug */,
				20FDF8CB23E3DABD0056F6C5 /* Release */,
			);
			defaultConfigurationIsVisible = 0;
			defaultConfigurationName = Release;
		};
		20FDF8CC23E3DABD0056F6C5 /* Build configuration list for PBXNativeTarget "BurroUITests" */ = {
			isa = XCConfigurationList;
			buildConfigurations = (
				20FDF8CD23E3DABD0056F6C5 /* Debug */,
				20FDF8CE23E3DABD0056F6C5 /* Release */,
			);
			defaultConfigurationIsVisible = 0;
			defaultConfigurationName = Release;
		};
/* End XCConfigurationList section */

/* Begin XCVersionGroup section */
		20FDF8A023E3DAB80056F6C5 /* Burro.xcdatamodeld */ = {
			isa = XCVersionGroup;
			children = (
				20FDF8A123E3DAB80056F6C5 /* Burro.xcdatamodel */,
			);
			currentVersion = 20FDF8A123E3DAB80056F6C5 /* Burro.xcdatamodel */;
			path = Burro.xcdatamodeld;
			sourceTree = "<group>";
			versionGroupType = wrapper.xcdatamodel;
		};
/* End XCVersionGroup section */
	};
	rootObject = 20FDF89123E3DAB70056F6C5 /* Project object */;
}
